// !$*UTF8*$!
{
	archiveVersion = 1;
	classes = {
	};
	objectVersion = 50;
	objects = {

/* Begin PBXBuildFile section */
		D9B1997D267CFD8900966C17 /* AppDelegate.swift in Sources */ = {isa = PBXBuildFile; fileRef = D9B1997C267CFD8900966C17 /* AppDelegate.swift */; };
		D9B1997F267CFD8900966C17 /* SceneDelegate.swift in Sources */ = {isa = PBXBuildFile; fileRef = D9B1997E267CFD8900966C17 /* SceneDelegate.swift */; };
		D9B19981267CFD8900966C17 /* ViewController.swift in Sources */ = {isa = PBXBuildFile; fileRef = D9B19980267CFD8900966C17 /* ViewController.swift */; };
		D9B19984267CFD8900966C17 /* Main.storyboard in Resources */ = {isa = PBXBuildFile; fileRef = D9B19982267CFD8900966C17 /* Main.storyboard */; };
		D9B19986267CFD8B00966C17 /* Assets.xcassets in Resources */ = {isa = PBXBuildFile; fileRef = D9B19985267CFD8B00966C17 /* Assets.xcassets */; };
		D9B19989267CFD8B00966C17 /* LaunchScreen.storyboard in Resources */ = {isa = PBXBuildFile; fileRef = D9B19987267CFD8B00966C17 /* LaunchScreen.storyboard */; };
		D9B19992267D0D9300966C17 /* TableViewCellCeldaUser.swift in Sources */ = {isa = PBXBuildFile; fileRef = D9B19991267D0D9300966C17 /* TableViewCellCeldaUser.swift */; };
		D9B19995267D12EF00966C17 /* Usuario_BE.swift in Sources */ = {isa = PBXBuildFile; fileRef = D9B19994267D12EF00966C17 /* Usuario_BE.swift */; };
		D9B1999D267D591C00966C17 /* ViewControllerNuevoCliente.swift in Sources */ = {isa = PBXBuildFile; fileRef = D9B1999C267D591C00966C17 /* ViewControllerNuevoCliente.swift */; };
/* End PBXBuildFile section */

/* Begin PBXFileReference section */
		C9C169B226831890006E4078 /* Base */ = {isa = PBXFileReference; lastKnownFileType = text.plist.xml; name = Base; path = Base.lproj/Info.plist; sourceTree = "<group>"; };
		D9B19979267CFD8900966C17 /* CL3_Ramirez_Talavera_Renzo.app */ = {isa = PBXFileReference; explicitFileType = wrapper.application; includeInIndex = 0; path = CL3_Ramirez_Talavera_Renzo.app; sourceTree = BUILT_PRODUCTS_DIR; };
		D9B1997C267CFD8900966C17 /* AppDelegate.swift */ = {isa = PBXFileReference; lastKnownFileType = sourcecode.swift; path = AppDelegate.swift; sourceTree = "<group>"; };
		D9B1997E267CFD8900966C17 /* SceneDelegate.swift */ = {isa = PBXFileReference; lastKnownFileType = sourcecode.swift; path = SceneDelegate.swift; sourceTree = "<group>"; };
		D9B19980267CFD8900966C17 /* ViewController.swift */ = {isa = PBXFileReference; lastKnownFileType = sourcecode.swift; path = ViewController.swift; sourceTree = "<group>"; };
		D9B19983267CFD8900966C17 /* Base */ = {isa = PBXFileReference; lastKnownFileType = file.storyboard; name = Base; path = Base.lproj/Main.storyboard; sourceTree = "<group>"; };
		D9B19985267CFD8B00966C17 /* Assets.xcassets */ = {isa = PBXFileReference; lastKnownFileType = folder.assetcatalog; path = Assets.xcassets; sourceTree = "<group>"; };
		D9B19988267CFD8B00966C17 /* Base */ = {isa = PBXFileReference; lastKnownFileType = file.storyboard; name = Base; path = Base.lproj/LaunchScreen.storyboard; sourceTree = "<group>"; };
		D9B19991267D0D9300966C17 /* TableViewCellCeldaUser.swift */ = {isa = PBXFileReference; lastKnownFileType = sourcecode.swift; path = TableViewCellCeldaUser.swift; sourceTree = "<group>"; };
		D9B19994267D12EF00966C17 /* Usuario_BE.swift */ = {isa = PBXFileReference; lastKnownFileType = sourcecode.swift; path = Usuario_BE.swift; sourceTree = "<group>"; };
		D9B1999C267D591C00966C17 /* ViewControllerNuevoCliente.swift */ = {isa = PBXFileReference; lastKnownFileType = sourcecode.swift; path = ViewControllerNuevoCliente.swift; sourceTree = "<group>"; };
/* End PBXFileReference section */

/* Begin PBXFrameworksBuildPhase section */
		D9B19976267CFD8900966C17 /* Frameworks */ = {
			isa = PBXFrameworksBuildPhase;
			buildActionMask = 2147483647;
			files = (
			);
			runOnlyForDeploymentPostprocessing = 0;
		};
/* End PBXFrameworksBuildPhase section */

/* Begin PBXGroup section */
		D9B19970267CFD8900966C17 = {
			isa = PBXGroup;
			children = (
				D9B1997B267CFD8900966C17 /* CL3_Ramirez_Talavera_Renzo */,
				D9B1997A267CFD8900966C17 /* Products */,
			);
			sourceTree = "<group>";
		};
		D9B1997A267CFD8900966C17 /* Products */ = {
			isa = PBXGroup;
			children = (
				D9B19979267CFD8900966C17 /* CL3_Ramirez_Talavera_Renzo.app */,
			);
			name = Products;
			sourceTree = "<group>";
		};
		D9B1997B267CFD8900966C17 /* CL3_Ramirez_Talavera_Renzo */ = {
			isa = PBXGroup;
			children = (
				D9B1997C267CFD8900966C17 /* AppDelegate.swift */,
				D9B1997E267CFD8900966C17 /* SceneDelegate.swift */,
				D9B19980267CFD8900966C17 /* ViewController.swift */,
				D9B19982267CFD8900966C17 /* Main.storyboard */,
				D9B19985267CFD8B00966C17 /* Assets.xcassets */,
				D9B19987267CFD8B00966C17 /* LaunchScreen.storyboard */,
				C9C169B326831890006E4078 /* Info.plist */,
				D9B19991267D0D9300966C17 /* TableViewCellCeldaUser.swift */,
				D9B19994267D12EF00966C17 /* Usuario_BE.swift */,
				D9B1999C267D591C00966C17 /* ViewControllerNuevoCliente.swift */,
			);
			path = CL3_Ramirez_Talavera_Renzo;
			sourceTree = "<group>";
		};
/* End PBXGroup section */

/* Begin PBXNativeTarget section */
		D9B19978267CFD8900966C17 /* CL3_Ramirez_Talavera_Renzo */ = {
			isa = PBXNativeTarget;
			buildConfigurationList = D9B1998D267CFD8B00966C17 /* Build configuration list for PBXNativeTarget "CL3_Ramirez_Talavera_Renzo" */;
			buildPhases = (
				D9B19975267CFD8900966C17 /* Sources */,
				D9B19976267CFD8900966C17 /* Frameworks */,
				D9B19977267CFD8900966C17 /* Resources */,
			);
			buildRules = (
			);
			dependencies = (
			);
			name = CL3_Ramirez_Talavera_Renzo;
			productName = Examen3;
			productReference = D9B19979267CFD8900966C17 /* CL3_Ramirez_Talavera_Renzo.app */;
			productType = "com.apple.product-type.application";
		};
/* End PBXNativeTarget section */

/* Begin PBXProject section */
		D9B19971267CFD8900966C17 /* Project object */ = {
			isa = PBXProject;
			attributes = {
				LastSwiftUpdateCheck = 1240;
				LastUpgradeCheck = 1240;
				TargetAttributes = {
					D9B19978267CFD8900966C17 = {
						CreatedOnToolsVersion = 12.4;
					};
				};
			};
			buildConfigurationList = D9B19974267CFD8900966C17 /* Build configuration list for PBXProject "CL3_Ramirez_Talavera_Renzo" */;
			compatibilityVersion = "Xcode 9.3";
			developmentRegion = en;
			hasScannedForEncodings = 0;
			knownRegions = (
				en,
				Base,
			);
			mainGroup = D9B19970267CFD8900966C17;
			productRefGroup = D9B1997A267CFD8900966C17 /* Products */;
			projectDirPath = "";
			projectRoot = "";
			targets = (
				D9B19978267CFD8900966C17 /* CL3_Ramirez_Talavera_Renzo */,
			);
		};
/* End PBXProject section */

/* Begin PBXResourcesBuildPhase section */
		D9B19977267CFD8900966C17 /* Resources */ = {
			isa = PBXResourcesBuildPhase;
			buildActionMask = 2147483647;
			files = (
				D9B19989267CFD8B00966C17 /* LaunchScreen.storyboard in Resources */,
				D9B19986267CFD8B00966C17 /* Assets.xcassets in Resources */,
				D9B19984267CFD8900966C17 /* Main.storyboard in Resources */,
			);
			runOnlyForDeploymentPostprocessing = 0;
		};
/* End PBXResourcesBuildPhase section */

/* Begin PBXSourcesBuildPhase section */
		D9B19975267CFD8900966C17 /* Sources */ = {
			isa = PBXSourcesBuildPhase;
			buildActionMask = 2147483647;
			files = (
				D9B19981267CFD8900966C17 /* ViewController.swift in Sources */,
				D9B1997D267CFD8900966C17 /* AppDelegate.swift in Sources */,
				D9B1999D267D591C00966C17 /* ViewControllerNuevoCliente.swift in Sources */,
				D9B19992267D0D9300966C17 /* TableViewCellCeldaUser.swift in Sources */,
				D9B19995267D12EF00966C17 /* Usuario_BE.swift in Sources */,
				D9B1997F267CFD8900966C17 /* SceneDelegate.swift in Sources */,
			);
			runOnlyForDeploymentPostprocessing = 0;
		};
/* End PBXSourcesBuildPhase section */

/* Begin PBXVariantGroup section */
		C9C169B326831890006E4078 /* Info.plist */ = {
			isa = PBXVariantGroup;
			children = (
				C9C169B226831890006E4078 /* Base */,
			);
			name = Info.plist;
			sourceTree = "<group>";
			usesTabs = 0;
		};
		D9B19982267CFD8900966C17 /* Main.storyboard */ = {
			isa = PBXVariantGroup;
			children = (
				D9B19983267CFD8900966C17 /* Base */,
			);
			name = Main.storyboard;
			sourceTree = "<group>";
		};
		D9B19987267CFD8B00966C17 /* LaunchScreen.storyboard */ = {
			isa = PBXVariantGroup;
			children = (
				D9B19988267CFD8B00966C17 /* Base */,
			);
			name = LaunchScreen.storyboard;
			sourceTree = "<group>";
		};
/* End PBXVariantGroup section */

/* Begin XCBuildConfiguration section */
		D9B1998B267CFD8B00966C17 /* Debug */ = {
			isa = XCBuildConfiguration;
			buildSettings = {
				ALWAYS_SEARCH_USER_PATHS = NO;
				CLANG_ANALYZER_NONNULL = YES;
				CLANG_ANALYZER_NUMBER_OBJECT_CONVERSION = YES_AGGRESSIVE;
				CLANG_CXX_LANGUAGE_STANDARD = "gnu++14";
				CLANG_CXX_LIBRARY = "libc++";
				CLANG_ENABLE_MODULES = YES;
				CLANG_ENABLE_OBJC_ARC = YES;
				CLANG_ENABLE_OBJC_WEAK = YES;
				CLANG_WARN_BLOCK_CAPTURE_AUTORELEASING = YES;
				CLANG_WARN_BOOL_CONVERSION = YES;
				CLANG_WARN_COMMA = YES;
				CLANG_WARN_CONSTANT_CONVERSION = YES;
				CLANG_WARN_DEPRECATED_OBJC_IMPLEMENTATIONS = YES;
				CLANG_WARN_DIRECT_OBJC_ISA_USAGE = YES_ERROR;
				CLANG_WARN_DOCUMENTATION_COMMENTS = YES;
				CLANG_WARN_EMPTY_BODY = YES;
				CLANG_WARN_ENUM_CONVERSION = YES;
				CLANG_WARN_INFINITE_RECURSION = YES;
				CLANG_WARN_INT_CONVERSION = YES;
				CLANG_WARN_NON_LITERAL_NULL_CONVERSION = YES;
				CLANG_WARN_OBJC_IMPLICIT_RETAIN_SELF = YES;
				CLANG_WARN_OBJC_LITERAL_CONVERSION = YES;
				CLANG_WARN_OBJC_ROOT_CLASS = YES_ERROR;
				CLANG_WARN_QUOTED_INCLUDE_IN_FRAMEWORK_HEADER = YES;
				CLANG_WARN_RANGE_LOOP_ANALYSIS = YES;
				CLANG_WARN_STRICT_PROTOTYPES = YES;
				CLANG_WARN_SUSPICIOUS_MOVE = YES;
				CLANG_WARN_UNGUARDED_AVAILABILITY = YES_AGGRESSIVE;
				CLANG_WARN_UNREACHABLE_CODE = YES;
				CLANG_WARN__DUPLICATE_METHOD_MATCH = YES;
				COPY_PHASE_STRIP = NO;
				DEBUG_INFORMATION_FORMAT = dwarf;
				ENABLE_STRICT_OBJC_MSGSEND = YES;
				ENABLE_TESTABILITY = YES;
				GCC_C_LANGUAGE_STANDARD = gnu11;
				GCC_DYNAMIC_NO_PIC = NO;
				GCC_NO_COMMON_BLOCKS = YES;
				GCC_OPTIMIZATION_LEVEL = 0;
				GCC_PREPROCESSOR_DEFINITIONS = (
					"DEBUG=1",
					"$(inherited)",
				);
				GCC_WARN_64_TO_32_BIT_CONVERSION = YES;
				GCC_WARN_ABOUT_RETURN_TYPE = YES_ERROR;
				GCC_WARN_UNDECLARED_SELECTOR = YES;
				GCC_WARN_UNINITIALIZED_AUTOS = YES_AGGRESSIVE;
				GCC_WARN_UNUSED_FUNCTION = YES;
				GCC_WARN_UNUSED_VARIABLE = YES;
				IPHONEOS_DEPLOYMENT_TARGET = 14.4;
				MTL_ENABLE_DEBUG_INFO = INCLUDE_SOURCE;
				MTL_FAST_MATH = YES;
				ONLY_ACTIVE_ARCH = YES;
				SDKROOT = iphoneos;
				SWIFT_ACTIVE_COMPILATION_CONDITIONS = DEBUG;
				SWIFT_OPTIMIZATION_LEVEL = "-Onone";
			};
			name = Debug;
		};
		D9B1998C267CFD8B00966C17 /* Release */ = {
			isa = XCBuildConfiguration;
			buildSettings = {
				ALWAYS_SEARCH_USER_PATHS = NO;
				CLANG_ANALYZER_NONNULL = YES;
				CLANG_ANALYZER_NUMBER_OBJECT_CONVERSION = YES_AGGRESSIVE;
				CLANG_CXX_LANGUAGE_STANDARD = "gnu++14";
				CLANG_CXX_LIBRARY = "libc++";
				CLANG_ENABLE_MODULES = YES;
				CLANG_ENABLE_OBJC_ARC = YES;
				CLANG_ENABLE_OBJC_WEAK = YES;
				CLANG_WARN_BLOCK_CAPTURE_AUTORELEASING = YES;
				CLANG_WARN_BOOL_CONVERSION = YES;
				CLANG_WARN_COMMA = YES;
				CLANG_WARN_CONSTANT_CONVERSION = YES;
				CLANG_WARN_DEPRECATED_OBJC_IMPLEMENTATIONS = YES;
				CLANG_WARN_DIRECT_OBJC_ISA_USAGE = YES_ERROR;
				CLANG_WARN_DOCUMENTATION_COMMENTS = YES;
				CLANG_WARN_EMPTY_BODY = YES;
				CLANG_WARN_ENUM_CONVERSION = YES;
				CLANG_WARN_INFINITE_RECURSION = YES;
				CLANG_WARN_INT_CONVERSION = YES;
				CLANG_WARN_NON_LITERAL_NULL_CONVERSION = YES;
				CLANG_WARN_OBJC_IMPLICIT_RETAIN_SELF = YES;
				CLANG_WARN_OBJC_LITERAL_CONVERSION = YES;
				CLANG_WARN_OBJC_ROOT_CLASS = YES_ERROR;
				CLANG_WARN_QUOTED_INCLUDE_IN_FRAMEWORK_HEADER = YES;
				CLANG_WARN_RANGE_LOOP_ANALYSIS = YES;
				CLANG_WARN_STRICT_PROTOTYPES = YES;
				CLANG_WARN_SUSPICIOUS_MOVE = YES;
				CLANG_WARN_UNGUARDED_AVAILABILITY = YES_AGGRESSIVE;
				CLANG_WARN_UNREACHABLE_CODE = YES;
				CLANG_WARN__DUPLICATE_METHOD_MATCH = YES;
				COPY_PHASE_STRIP = NO;
				DEBUG_INFORMATION_FORMAT = "dwarf-with-dsym";
				ENABLE_NS_ASSERTIONS = NO;
				ENABLE_STRICT_OBJC_MSGSEND = YES;
				GCC_C_LANGUAGE_STANDARD = gnu11;
				GCC_NO_COMMON_BLOCKS = YES;
				GCC_WARN_64_TO_32_BIT_CONVERSION = YES;
				GCC_WARN_ABOUT_RETURN_TYPE = YES_ERROR;
				GCC_WARN_UNDECLARED_SELECTOR = YES;
				GCC_WARN_UNINITIALIZED_AUTOS = YES_AGGRESSIVE;
				GCC_WARN_UNUSED_FUNCTION = YES;
				GCC_WARN_UNUSED_VARIABLE = YES;
				IPHONEOS_DEPLOYMENT_TARGET = 14.4;
				MTL_ENABLE_DEBUG_INFO = NO;
				MTL_FAST_MATH = YES;
				SDKROOT = iphoneos;
				SWIFT_COMPILATION_MODE = wholemodule;
				SWIFT_OPTIMIZATION_LEVEL = "-O";
				VALIDATE_PRODUCT = YES;
			};
			name = Release;
		};
		D9B1998E267CFD8B00966C17 /* Debug */ = {
			isa = XCBuildConfiguration;
			buildSettings = {
				ASSETCATALOG_COMPILER_APPICON_NAME = AppIcon;
				ASSETCATALOG_COMPILER_GLOBAL_ACCENT_COLOR_NAME = AccentColor;
				CODE_SIGN_STYLE = Automatic;
				INFOPLIST_FILE = CL3_Ramirez_Talavera_Renzo/Base.lproj/Info.plist;
				LD_RUNPATH_SEARCH_PATHS = (
					"$(inherited)",
					"@executable_path/Frameworks",
				);
				PRODUCT_BUNDLE_IDENTIFIER = cibertec.edu.pe.CL3_Ramirez_Talavera_Renzo;
				PRODUCT_NAME = "$(TARGET_NAME)";
				SWIFT_VERSION = 5.0;
				TARGETED_DEVICE_FAMILY = "1,2";
			};
			name = Debug;
		};
		D9B1998F267CFD8B00966C17 /* Release */ = {
			isa = XCBuildConfiguration;
			buildSettings = {
				ASSETCATALOG_COMPILER_APPICON_NAME = AppIcon;
				ASSETCATALOG_COMPILER_GLOBAL_ACCENT_COLOR_NAME = AccentColor;
				CODE_SIGN_STYLE = Automatic;
				INFOPLIST_FILE = CL3_Ramirez_Talavera_Renzo/Base.lproj/Info.plist;
				LD_RUNPATH_SEARCH_PATHS = (
					"$(inherited)",
					"@executable_path/Frameworks",
				);
				PRODUCT_BUNDLE_IDENTIFIER = cibertec.edu.pe.CL3_Ramirez_Talavera_Renzo;
				PRODUCT_NAME = "$(TARGET_NAME)";
				SWIFT_VERSION = 5.0;
				TARGETED_DEVICE_FAMILY = "1,2";
			};
			name = Release;
		};
/* End XCBuildConfiguration section */

/* Begin XCConfigurationList section */
		D9B19974267CFD8900966C17 /* Build configuration list for PBXProject "CL3_Ramirez_Talavera_Renzo" */ = {
			isa = XCConfigurationList;
			buildConfigurations = (
				D9B1998B267CFD8B00966C17 /* Debug */,
				D9B1998C267CFD8B00966C17 /* Release */,
			);
			defaultConfigurationIsVisible = 0;
			defaultConfigurationName = Release;
		};
		D9B1998D267CFD8B00966C17 /* Build configuration list for PBXNativeTarget "CL3_Ramirez_Talavera_Renzo" */ = {
			isa = XCConfigurationList;
			buildConfigurations = (
				D9B1998E267CFD8B00966C17 /* Debug */,
				D9B1998F267CFD8B00966C17 /* Release */,
			);
			defaultConfigurationIsVisible = 0;
			defaultConfigurationName = Release;
		};
/* End XCConfigurationList section */
	};
	rootObject = D9B19971267CFD8900966C17 /* Project object */;
}
